
Microsoft Visual Studio Solution File, Format Version 12.00
# Visual Studio Version 17
VisualStudioVersion = 17.0.31903.59
MinimumVisualStudioVersion = 10.0.40219.1
Project("{2150E333-8FDC-42A3-9474-1A3956D46DE8}") = "src", "src", "{62157695-145B-47AC-B104-626378D48C73}"
EndProject
Project("{FAE04EC0-301F-11D3-BF4B-00C04F79EFBC}") = "ToDoList.WebApi", "src\ToDoList.WebApi\ToDoList.WebApi.csproj", "{AED86FBC-0E7E-4F28-A0E2-C77F3EF8A1FE}"
EndProject
Project("{FAE04EC0-301F-11D3-BF4B-00C04F79EFBC}") = "ToDoList.Domain", "src\ToDoList.Domain\ToDoList.Domain.csproj", "{AF1652B5-AEF3-4107-AABD-E9ACED5E7F6F}"
EndProject
Global
	GlobalSection(SolutionConfigurationPlatforms) = preSolution
		Debug|Any CPU = Debug|Any CPU
		Release|Any CPU = Release|Any CPU
	EndGlobalSection
	GlobalSection(SolutionProperties) = preSolution
		HideSolutionNode = FALSE
	EndGlobalSection
	GlobalSection(ProjectConfigurationPlatforms) = postSolution
		{AED86FBC-0E7E-4F28-A0E2-C77F3EF8A1FE}.Debug|Any CPU.ActiveCfg = Debug|Any CPU
		{AED86FBC-0E7E-4F28-A0E2-C77F3EF8A1FE}.Debug|Any CPU.Build.0 = Debug|Any CPU
		{AED86FBC-0E7E-4F28-A0E2-C77F3EF8A1FE}.Release|Any CPU.ActiveCfg = Release|Any CPU
		{AED86FBC-0E7E-4F28-A0E2-C77F3EF8A1FE}.Release|Any CPU.Build.0 = Release|Any CPU
		{AF1652B5-AEF3-4107-AABD-E9ACED5E7F6F}.Debug|Any CPU.ActiveCfg = Debug|Any CPU
		{AF1652B5-AEF3-4107-AABD-E9ACED5E7F6F}.Debug|Any CPU.Build.0 = Debug|Any CPU
		{AF1652B5-AEF3-4107-AABD-E9ACED5E7F6F}.Release|Any CPU.ActiveCfg = Release|Any CPU
		{AF1652B5-AEF3-4107-AABD-E9ACED5E7F6F}.Release|Any CPU.Build.0 = Release|Any CPU
	EndGlobalSection
	GlobalSection(NestedProjects) = preSolution
		{AED86FBC-0E7E-4F28-A0E2-C77F3EF8A1FE} = {62157695-145B-47AC-B104-626378D48C73}
		{AF1652B5-AEF3-4107-AABD-E9ACED5E7F6F} = {62157695-145B-47AC-B104-626378D48C73}
	EndGlobalSection
EndGlobal
